{
  "requires": true,
  "lockfileVersion": 1,
  "dependencies": {
    "lodash": {
      "version": "4.17.15",
      "resolved": "https://registry.npmjs.org/lodash/-/lodash-4.17.15.tgz",
      "integrity": "sha512-8xOcRHvCjnocdS5cpwXQXVzmmh5e5+saE2QGoeQmbKmRS6J3VQppPOIt0MnmE+4xlZoumy0GPG0D0MVIQbNA1A=="
    },
    "pathseg": {
      "version": "1.2.0",
      "resolved": "https://registry.npmjs.org/pathseg/-/pathseg-1.2.0.tgz",
      "integrity": "sha512-+pQS7lTaoVIXhaCW7R3Wd/165APzZHWzYVqe7dxzdupxQwebgpBaCmf0/XZwmoA/rkDq3qvzO0qv4d5oFVrBRw=="
    },
    "react-particles-js": {
      "version": "3.0.3",
      "resolved": "https://registry.npmjs.org/react-particles-js/-/react-particles-js-3.0.3.tgz",
      "integrity": "sha512-oms3c+VbLe7OZROeQSZZcV0ohlblPQbdD1u+uEpnRuZavGy92yXhm4C714kKcgwWGdoJSDTVmBzRVD0uNzWF5A==",
      "requires": {
        "lodash": "^4.17.11",
        "tsparticles": "^1.12.7"
      }
    },
    "react-tilt": {
      "version": "0.1.4",
      "resolved": "https://registry.npmjs.org/react-tilt/-/react-tilt-0.1.4.tgz",
      "integrity": "sha512-bVeRumg+RIn6QN8S92UmubGqX/BG6/QeQISBeAcrS/70dpo/jVj+sjikIawDl5wTuPdubFH8zH0EMulWIctsnw=="
    },
    "tsparticles": {
      "version": "1.12.10",
      "resolved": "https://registry.npmjs.org/tsparticles/-/tsparticles-1.12.10.tgz",
      "integrity": "sha512-O4Fm3v+g3sRoxkvdgRaeNldDbCM2er6+z1tKvh4ojlwXAFf8msNvDRKbAJ/o2Ds16GAUHuC9cL/lm80oYJlOJw==",
      "requires": {
        "pathseg": "^1.2.0"
      }
    }
  }
}
